
Microsoft Visual Studio Solution File, Format Version 12.00
# Visual Studio Version 17
VisualStudioVersion = 17.13.35825.156
MinimumVisualStudioVersion = 10.0.40219.1
Project("{FAE04EC0-301F-11D3-BF4B-00C04F79EFBC}") = "DemoDataConsumer", "DemoDataConsumer\DemoDataConsumer.csproj", "{F40BD394-E07E-4547-ABFF-C54A5580AE7C}"
EndProject
Global
	GlobalSection(SolutionConfigurationPlatforms) = preSolution
		Debug|Any CPU = Debug|Any CPU
		Release|Any CPU = Release|Any CPU
	EndGlobalSection
	GlobalSection(ProjectConfigurationPlatforms) = postSolution
		{F40BD394-E07E-4547-ABFF-C54A5580AE7C}.Debug|Any CPU.ActiveCfg = Debug|Any CPU
		{F40BD394-E07E-4547-ABFF-C54A5580AE7C}.Debug|Any CPU.Build.0 = Debug|Any CPU
		{F40BD394-E07E-4547-ABFF-C54A5580AE7C}.Release|Any CPU.ActiveCfg = Release|Any CPU
		{F40BD394-E07E-4547-ABFF-C54A5580AE7C}.Release|Any CPU.Build.0 = Release|Any CPU
	EndGlobalSection
	GlobalSection(SolutionProperties) = preSolution
		HideSolutionNode = FALSE
	EndGlobalSection
	GlobalSection(ExtensibilityGlobals) = postSolution
		SolutionGuid = {2DAD96B0-89C2-4213-BCB9-FFA07D2BCE99}
	EndGlobalSection
EndGlobal
